<Solution>
  <Project Path="TripCostSplitter.Avalon.Android/TripCostSplitter.Avalon.Android.csproj" />
  <Project Path="TripCostSplitter.Avalon.Desktop/TripCostSplitter.Avalon.Desktop.csproj" />
  <Project Path="TripCostSplitter.Avalon/TripCostSplitter.Avalon.csproj" />
  <Project Path="TripCostSplitter.Core/TripCostSplitter.Core.csproj" />
  <Project Path="TripCostSplitter.NTest/TripCostSplitter.NTest.csproj" />
</Solution>
