<Solution>
  <Folder Name="/ACore/">
    <Project Path="TripCostSplitter.Core/TripCostSplitter.Core.csproj" />
  </Folder>
  <Folder Name="/LApp/">
    <Project Path="TripCostSplitter.AppBase/TripCostSplitter.AppBase.csproj" />
    <Project Path="TripCostSplitter.Avalon.Desktop/TripCostSplitter.Avalon.Desktop.csproj" />
    <Project Path="TripCostSplitter.Avalon.Droid/TripCostSplitter.Avalon.Droid.csproj" />
    <Project Path="TripCostSplitter.Avalon/TripCostSplitter.Avalon.csproj" />
  </Folder>
  <Folder Name="/ZTest/">
    <Project Path="TripCostSplitter.NTest/TripCostSplitter.NTest.csproj" />
  </Folder>
</Solution>
